
Microsoft Visual Studio Solution File, Format Version 12.00
# Visual Studio Version 17
VisualStudioVersion = 17.3.32825.248
MinimumVisualStudioVersion = 10.0.40219.1
Project("{FAE04EC0-301F-11D3-BF4B-00C04F79EFBC}") = "Devs2Blu.ProjetosAula.Exercicio2MVC", "src\Devs2Blu.ProjetosAula.Exercicio2MVC\Devs2Blu.ProjetosAula.Exercicio2MVC.csproj", "{596DA3EF-C899-482C-8F06-36333347C3BA}"
EndProject
Global
	GlobalSection(SolutionConfigurationPlatforms) = preSolution
		Debug|Any CPU = Debug|Any CPU
		Release|Any CPU = Release|Any CPU
	EndGlobalSection
	GlobalSection(ProjectConfigurationPlatforms) = postSolution
		{596DA3EF-C899-482C-8F06-36333347C3BA}.Debug|Any CPU.ActiveCfg = Debug|Any CPU
		{596DA3EF-C899-482C-8F06-36333347C3BA}.Debug|Any CPU.Build.0 = Debug|Any CPU
		{596DA3EF-C899-482C-8F06-36333347C3BA}.Release|Any CPU.ActiveCfg = Release|Any CPU
		{596DA3EF-C899-482C-8F06-36333347C3BA}.Release|Any CPU.Build.0 = Release|Any CPU
	EndGlobalSection
	GlobalSection(SolutionProperties) = preSolution
		HideSolutionNode = FALSE
	EndGlobalSection
	GlobalSection(ExtensibilityGlobals) = postSolution
		SolutionGuid = {C6A63E72-3CDB-4EA2-9FE4-DF0D043201FE}
	EndGlobalSection
EndGlobal
