
Microsoft Visual Studio Solution File, Format Version 12.00
# Visual Studio Version 17
VisualStudioVersion = 17.3.32825.248
MinimumVisualStudioVersion = 10.0.40219.1
Project("{FAE04EC0-301F-11D3-BF4B-00C04F79EFBC}") = "Devs2Blu.ProjetoAula.Exercicio.Web", "src\Devs2Blu.ProjetoAula.Exercicio.Web\Devs2Blu.ProjetoAula.Exercicio.Web.csproj", "{15915EAC-33EE-44E0-8A70-A9FCC719AAE4}"
EndProject
Global
	GlobalSection(SolutionConfigurationPlatforms) = preSolution
		Debug|Any CPU = Debug|Any CPU
		Release|Any CPU = Release|Any CPU
	EndGlobalSection
	GlobalSection(ProjectConfigurationPlatforms) = postSolution
		{15915EAC-33EE-44E0-8A70-A9FCC719AAE4}.Debug|Any CPU.ActiveCfg = Debug|Any CPU
		{15915EAC-33EE-44E0-8A70-A9FCC719AAE4}.Debug|Any CPU.Build.0 = Debug|Any CPU
		{15915EAC-33EE-44E0-8A70-A9FCC719AAE4}.Release|Any CPU.ActiveCfg = Release|Any CPU
		{15915EAC-33EE-44E0-8A70-A9FCC719AAE4}.Release|Any CPU.Build.0 = Release|Any CPU
	EndGlobalSection
	GlobalSection(SolutionProperties) = preSolution
		HideSolutionNode = FALSE
	EndGlobalSection
	GlobalSection(ExtensibilityGlobals) = postSolution
		SolutionGuid = {692B3D20-84B6-43C2-86C0-17BEC2E449D1}
	EndGlobalSection
EndGlobal
